PODS:
  - app_usage (0.0.1):
    - Flutter
  - Flutter (1.0.0)

DEPENDENCIES:
  - app_usage (from `.symlinks/plugins/app_usage/ios`)
  - Flutter (from `Flutter`)

EXTERNAL SOURCES:
  app_usage:
    :path: ".symlinks/plugins/app_usage/ios"
  Flutter:
    :path: Flutter

SPEC CHECKSUMS:
  app_usage: b744f7cc8b84b13b69ade90832a343555f9555d0
  Flutter: e0871f40cf51350855a761d2e70bf5af5b9b5de7

PODFILE CHECKSUM: c4c93c5f6502fe2754f48404d3594bf779584011

COCOAPODS: 1.15.2
